{
  "version": "2",
  "remote": {
    "https://deno.land/x/stew@0.4.0/stew-library/config/SegmentDataset.ts": "f0f124bde6ce8945e1e47f12493ceb870657f9c89e673b49763f86b9be167b7b",
    "https://deno.land/x/stew@0.4.0/stew-library/config/SegmentModule.ts": "096378481547960a8caca1d0c3fa701d194d2d8bb10a81e8903d829ef576e710",
    "https://deno.land/x/stew@0.4.0/stew-library/config/SegmentViewsMap.ts": "ca478dffaf3ba2516f3920430203241370ed1a3a3a5e33478455c0bf6a6088e4",
    "https://deno.land/x/stew@0.4.0/stew-library/config/StewConfig.ts": "1f44b60b347c70955c2b99ec0bc703609a6fe08befd38b5b22190034d51aab2d",
    "https://deno.land/x/stew@0.4.0/stew-library/config/helpers/getExternalLinkIconSvg.ts": "108efd83d08bfe9a4f33c181892c8fd4ddf1b4e8c6b38cce6188e0adac82597d",
    "https://deno.land/x/stew@0.4.0/stew-library/config/helpers/mod.ts": "db6f49e925868df46921baf99f4893d2ca6c4664b2182b3a50e2a43b4896a234",
    "https://deno.land/x/stew@0.4.0/stew-library/config/mod.ts": "00f371dc00c1c3bc8a2d1705a356d96ca44fc283e91c29471556327eea52de19",
    "https://deno.land/x/stew@0.4.0/stew-library/deps/preact/mod.ts": "ec6f5199c4867a3f8c988620f89203a3bee1d892ae1fe195bc43a140a96f0386",
    "https://deno.land/x/stew@0.4.0/stew-library/deps/zod/mod.ts": "c8b18bf5b250103de625ba4a7f64fb1f8ab86a45687480479a80669145ca85ba",
    "https://deno.land/x/stew@0.4.0/stew-library/utilities/findMapItem.ts": "fb5161c17f0285e98735817d83b12912be84ddb8a248eae1bc3f5847b30c8a2a",
    "https://deno.land/x/stew@0.4.0/stew-library/utilities/getCssClass.ts": "d3b63c491717989d8e5e7ffb281676459069bbde97e0320c7140b50b93a12b4b",
    "https://deno.land/x/stew@0.4.0/stew-library/utilities/mod.ts": "53ab05dfe7e5f6ed9749aabf83343919358e5427dfdff774ed9d5952687f922b",
    "https://deno.land/x/stew@0.4.0/stew-library/utilities/throwInvalidPathError.ts": "30060305d5eafb2ae8fcdbfa32e04e8ae59e6e051334f7f31a51965ab80500e6",
    "https://deno.land/x/stew@0.4.0/stew-library/utilities/types.ts": "532d0871addb516ee412778d10dc8a293347815a6ddce0d6e1691d082be60c80",
    "https://deno.land/x/zod@v3.22.2/ZodError.ts": "4de18ff525e75a0315f2c12066b77b5c2ae18c7c15ef7df7e165d63536fdf2ea",
    "https://deno.land/x/zod@v3.22.2/errors.ts": "5285922d2be9700cc0c70c95e4858952b07ae193aa0224be3cbd5cd5567eabef",
    "https://deno.land/x/zod@v3.22.2/external.ts": "a6cfbd61e9e097d5f42f8a7ed6f92f93f51ff927d29c9fbaec04f03cbce130fe",
    "https://deno.land/x/zod@v3.22.2/helpers/enumUtil.ts": "54efc393cc9860e687d8b81ff52e980def00fa67377ad0bf8b3104f8a5bf698c",
    "https://deno.land/x/zod@v3.22.2/helpers/errorUtil.ts": "7a77328240be7b847af6de9189963bd9f79cab32bbc61502a9db4fe6683e2ea7",
    "https://deno.land/x/zod@v3.22.2/helpers/parseUtil.ts": "f791e6e65a0340d85ad37d26cd7a3ba67126cd9957eac2b7163162155283abb1",
    "https://deno.land/x/zod@v3.22.2/helpers/partialUtil.ts": "998c2fe79795257d4d1cf10361e74492f3b7d852f61057c7c08ac0a46488b7e7",
    "https://deno.land/x/zod@v3.22.2/helpers/typeAliases.ts": "0fda31a063c6736fc3cf9090dd94865c811dfff4f3cb8707b932bf937c6f2c3e",
    "https://deno.land/x/zod@v3.22.2/helpers/util.ts": "8baf19b19b2fca8424380367b90364b32503b6b71780269a6e3e67700bb02774",
    "https://deno.land/x/zod@v3.22.2/index.ts": "d27aabd973613985574bc31f39e45cb5d856aa122ef094a9f38a463b8ef1a268",
    "https://deno.land/x/zod@v3.22.2/locales/en.ts": "a7a25cd23563ccb5e0eed214d9b31846305ddbcdb9c5c8f508b108943366ab4c",
    "https://deno.land/x/zod@v3.22.2/mod.ts": "64e55237cb4410e17d968cd08975566059f27638ebb0b86048031b987ba251c4",
    "https://deno.land/x/zod@v3.22.2/types.ts": "18cbe3d895f42977c43fa9411da214b06d0d682cf2f4c9dd26cc8c3737740d40",
    "https://esm.sh/preact@10.17.1": "d9d10d95cd047fd2c26bb68e760a87d3747fafc64a1e54049095682c69c7491a",
    "https://esm.sh/stable/preact@10.17.1/denonext/preact.mjs": "0f2f159289b4502eea839f4b57cef910ad03d63213ac5301e6767326b060d8f6"
  }
}
